version = 1
revision = 3
requires-python = ">=3.10"
resolution-markers = [
    "python_full_version >= '3.13'",
    "python_full_version >= '3.11' and python_full_version < '3.13'",
    "python_full_version < '3.11'",
]

[[package]]
name = "cachetools"
version = "7.0.5"
source = { registry = "https://pypi.org/simple" }
sdist = { url = "https://files.pythonhosted.org/packages/af/dd/57fe3fdb6e65b25a5987fd2cdc7e22db0aef508b91634d2e57d22928d41b/cachetools-7.0.5.tar.gz", hash = "sha256:0cd042c24377200c1dcd225f8b7b12b0ca53cc2c961b43757e774ebe190fd990", size = 37367, upload-time = "2026-03-09T20:51:29.451Z" }
wheels = [
    { url = "https://files.pythonhosted.org/packages/06/f3/39cf3367b8107baa44f861dc802cbf16263c945b62d8265d36034fc07bea/cachetools-7.0.5-py3-none-any.whl", hash = "sha256:46bc8ebefbe485407621d0a4264b23c080cedd913921bad7ac3ed2f26c183114", size = 13918, upload-time = "2026-03-09T20:51:27.33Z" },
]

[[package]]
name = "colorama"
version = "0.4.6"
source = { registry = "https://pypi.org/simple" }
sdist = { url = "https://files.pythonhosted.org/packages/d8/53/6f443c9a4a8358a93a6792e2acffb9d9d5cb0a5cfd8802644b7b1c9a02e4/colorama-0.4.6.tar.gz", hash = "sha256:08695f5cb7ed6e0531a20572697297273c47b8cae5a63ffc6d6ed5c201be6e44", size = 27697, upload-time = "2022-10-25T02:36:22.414Z" }
wheels = [
    { url = "https://files.pythonhosted.org/packages/d1/d6/3965ed04c63042e047cb6a3e6ed1a63a35087b6a609aa3a15ed8ac56c221/colorama-0.4.6-py2.py3-none-any.whl", hash = "sha256:4f1d9991f5acc0ca119f9d443620b77f9d6b33703e51011c16baf57afb285fc6", size = 25335, upload-time = "2022-10-25T02:36:20.889Z" },
]

[[package]]
name = "distlib"
version = "0.4.0"
source = { registry = "https://pypi.org/simple" }
sdist = { url = "https://files.pythonhosted.org/packages/96/8e/709914eb2b5749865801041647dc7f4e6d00b549cfe88b65ca192995f07c/distlib-0.4.0.tar.gz", hash = "sha256:feec40075be03a04501a973d81f633735b4b69f98b05450592310c0f401a4e0d", size = 614605, upload-time = "2025-07-17T16:52:00.465Z" }
wheels = [
    { url = "https://files.pythonhosted.org/packages/33/6b/e0547afaf41bf2c42e52430072fa5658766e3d65bd4b03a563d1b6336f57/distlib-0.4.0-py2.py3-none-any.whl", hash = "sha256:9659f7d87e46584a30b5780e43ac7a2143098441670ff0a49d5f9034c54a6c16", size = 469047, upload-time = "2025-07-17T16:51:58.613Z" },
]

[[package]]
name = "exceptiongroup"
version = "1.3.0"
source = { registry = "https://pypi.org/simple" }
dependencies = [
    { name = "typing-extensions", marker = "python_full_version < '3.11'" },
]
sdist = { url = "https://files.pythonhosted.org/packages/0b/9f/a65090624ecf468cdca03533906e7c69ed7588582240cfe7cc9e770b50eb/exceptiongroup-1.3.0.tar.gz", hash = "sha256:b241f5885f560bc56a59ee63ca4c6a8bfa46ae4ad651af316d4e81817bb9fd88", size = 29749, upload-time = "2025-05-10T17:42:51.123Z" }
wheels = [
    { url = "https://files.pythonhosted.org/packages/36/f4/c6e662dade71f56cd2f3735141b265c3c79293c109549c1e6933b0651ffc/exceptiongroup-1.3.0-py3-none-any.whl", hash = "sha256:4d111e6e0c13d0644cad6ddaa7ed0261a0b36971f6d23e7ec9b4b9097da78a10", size = 16674, upload-time = "2025-05-10T17:42:49.33Z" },
]

[[package]]
name = "filelock"
version = "3.25.2"
source = { registry = "https://pypi.org/simple" }
sdist = { url = "https://files.pythonhosted.org/packages/94/b8/00651a0f559862f3bb7d6f7477b192afe3f583cc5e26403b44e59a55ab34/filelock-3.25.2.tar.gz", hash = "sha256:b64ece2b38f4ca29dd3e810287aa8c48182bbecd1ae6e9ae126c9b35f1382694", size = 40480, upload-time = "2026-03-11T20:45:38.487Z" }
wheels = [
    { url = "https://files.pythonhosted.org/packages/a4/a5/842ae8f0c08b61d6484b52f99a03510a3a72d23141942d216ebe81fefbce/filelock-3.25.2-py3-none-any.whl", hash = "sha256:ca8afb0da15f229774c9ad1b455ed96e85a81373065fb10446672f64444ddf70", size = 26759, upload-time = "2026-03-11T20:45:37.437Z" },
]

[[package]]
name = "iniconfig"
version = "2.1.0"
source = { registry = "https://pypi.org/simple" }
sdist = { url = "https://files.pythonhosted.org/packages/f2/97/ebf4da567aa6827c909642694d71c9fcf53e5b504f2d96afea02718862f3/iniconfig-2.1.0.tar.gz", hash = "sha256:3abbd2e30b36733fee78f9c7f7308f2d0050e88f0087fd25c2645f63c773e1c7", size = 4793, upload-time = "2025-03-19T20:09:59.721Z" }
wheels = [
    { url = "https://files.pythonhosted.org/packages/2c/e1/e6716421ea10d38022b952c159d5161ca1193197fb744506875fbb87ea7b/iniconfig-2.1.0-py3-none-any.whl", hash = "sha256:9deba5723312380e77435581c6bf4935c94cbfab9b1ed33ef8d238ea168eb760", size = 6050, upload-time = "2025-03-19T20:10:01.071Z" },
]

[[package]]
name = "packaging"
version = "26.0"
source = { registry = "https://pypi.org/simple" }
sdist = { url = "https://files.pythonhosted.org/packages/65/ee/299d360cdc32edc7d2cf530f3accf79c4fca01e96ffc950d8a52213bd8e4/packaging-26.0.tar.gz", hash = "sha256:00243ae351a257117b6a241061796684b084ed1c516a08c48a3f7e147a9d80b4", size = 143416, upload-time = "2026-01-21T20:50:39.064Z" }
wheels = [
    { url = "https://files.pythonhosted.org/packages/b7/b9/c538f279a4e237a006a2c98387d081e9eb060d203d8ed34467cc0f0b9b53/packaging-26.0-py3-none-any.whl", hash = "sha256:b36f1fef9334a5588b4166f8bcd26a14e521f2b55e6b9de3aaa80d3ff7a37529", size = 74366, upload-time = "2026-01-21T20:50:37.788Z" },
]

[[package]]
name = "platformdirs"
version = "4.10.0"
source = { registry = "https://pypi.org/simple" }
sdist = { url = "https://files.pythonhosted.org/packages/d7/47/e4501f49c178ae1d9f4a75073fda4204f52647993f075a9db4d14930e0c5/platformdirs-4.10.0.tar.gz", hash = "sha256:31e761a6a0ca04faf7353ea759bdba55652be214725111e5aac52dfa29d4bef7", size = 31224, upload-time = "2026-05-28T03:32:53.587Z" }
wheels = [
    { url = "https://files.pythonhosted.org/packages/81/e6/cd9575ac904136b3cbf7aa7ee819ef86eedb7274e46f230e94ea4342e729/platformdirs-4.10.0-py3-none-any.whl", hash = "sha256:fb516cdb12eb0d857d0cd85a7c57cea4d060bee4578d6cf5a14dfdf8cbf8784a", size = 22743, upload-time = "2026-05-28T03:32:52.175Z" },
]

[[package]]
name = "pluggy"
version = "1.6.0"
source = { registry = "https://pypi.org/simple" }
sdist = { url = "https://files.pythonhosted.org/packages/f9/e2/3e91f31a7d2b083fe6ef3fa267035b518369d9511ffab804f839851d2779/pluggy-1.6.0.tar.gz", hash = "sha256:7dcc130b76258d33b90f61b658791dede3486c3e6bfb003ee5c9bfb396dd22f3", size = 69412, upload-time = "2025-05-15T12:30:07.975Z" }
wheels = [
    { url = "https://files.pythonhosted.org/packages/54/20/4d324d65cc6d9205fabedc306948156824eb9f0ee1633355a8f7ec5c66bf/pluggy-1.6.0-py3-none-any.whl", hash = "sha256:e920276dd6813095e9377c0bc5566d94c932c33b27a3e3945d8389c374dd4746", size = 20538, upload-time = "2025-05-15T12:30:06.134Z" },
]

[[package]]
name = "pygments"
version = "2.19.2"
source = { registry = "https://pypi.org/simple" }
sdist = { url = "https://files.pythonhosted.org/packages/b0/77/a5b8c569bf593b0140bde72ea885a803b82086995367bf2037de0159d924/pygments-2.19.2.tar.gz", hash = "sha256:636cb2477cec7f8952536970bc533bc43743542f70392ae026374600add5b887", size = 4968631, upload-time = "2025-06-21T13:39:12.283Z" }
wheels = [
    { url = "https://files.pythonhosted.org/packages/c7/21/705964c7812476f378728bdf590ca4b771ec72385c533964653c68e86bdc/pygments-2.19.2-py3-none-any.whl", hash = "sha256:86540386c03d588bb81d44bc3928634ff26449851e99741617ecb9037ee5ec0b", size = 1225217, upload-time = "2025-06-21T13:39:07.939Z" },
]

[[package]]
name = "pyproject-api"
version = "1.10.0"
source = { registry = "https://pypi.org/simple" }
dependencies = [
    { name = "packaging" },
    { name = "tomli", marker = "python_full_version < '3.11'" },
]
sdist = { url = "https://files.pythonhosted.org/packages/45/7b/c0e1333b61d41c69e59e5366e727b18c4992688caf0de1be10b3e5265f6b/pyproject_api-1.10.0.tar.gz", hash = "sha256:40c6f2d82eebdc4afee61c773ed208c04c19db4c4a60d97f8d7be3ebc0bbb330", size = 22785, upload-time = "2025-10-09T19:12:27.21Z" }
wheels = [
    { url = "https://files.pythonhosted.org/packages/54/cc/cecf97be298bee2b2a37dd360618c819a2a7fd95251d8e480c1f0eb88f3b/pyproject_api-1.10.0-py3-none-any.whl", hash = "sha256:8757c41a79c0f4ab71b99abed52b97ecf66bd20b04fa59da43b5840bac105a09", size = 13218, upload-time = "2025-10-09T19:12:24.428Z" },
]

[[package]]
name = "pytest"
version = "9.1.0"
source = { registry = "https://pypi.org/simple" }
dependencies = [
    { name = "colorama", marker = "sys_platform == 'win32'" },
    { name = "exceptiongroup", marker = "python_full_version < '3.11'" },
    { name = "iniconfig" },
    { name = "packaging" },
    { name = "pluggy" },
    { name = "pygments" },
    { name = "tomli", marker = "python_full_version < '3.11'" },
]
sdist = { url = "https://files.pythonhosted.org/packages/84/0e/b5858858d74958632c49b72cb25a3976ff9f632397626715be71c89d3971/pytest-9.1.0.tar.gz", hash = "sha256:41dd9148c08072446394cefd3d79701701335a9f4cae69ba92e39f6c7f5c061c", size = 1634181, upload-time = "2026-06-13T18:52:45.983Z" }
wheels = [
    { url = "https://files.pythonhosted.org/packages/8b/5a/ba30a81239b909821b3153e303e7def45178bf353da4f72380e6c5e8793b/pytest-9.1.0-py3-none-any.whl", hash = "sha256:8ebb0e7888bdf2bdfc602ec51f8f62d50200af37356c74e503c79a94f5c81f32", size = 386453, upload-time = "2026-06-13T18:52:44.045Z" },
]

[[package]]
name = "python-discovery"
version = "1.2.2"
source = { registry = "https://pypi.org/simple" }
dependencies = [
    { name = "filelock" },
    { name = "platformdirs" },
]
sdist = { url = "https://files.pythonhosted.org/packages/de/ef/3bae0e537cfe91e8431efcba4434463d2c5a65f5a89edd47c6cf2f03c55f/python_discovery-1.2.2.tar.gz", hash = "sha256:876e9c57139eb757cb5878cbdd9ae5379e5d96266c99ef731119e04fffe533bb", size = 58872, upload-time = "2026-04-07T17:28:49.249Z" }
wheels = [
    { url = "https://files.pythonhosted.org/packages/d8/db/795879cc3ddfe338599bddea6388cc5100b088db0a4caf6e6c1af1c27e04/python_discovery-1.2.2-py3-none-any.whl", hash = "sha256:e1ae95d9af875e78f15e19aed0c6137ab1bb49c200f21f5061786490c9585c7a", size = 31894, upload-time = "2026-04-07T17:28:48.09Z" },
]

[[package]]
name = "ruff"
version = "0.15.17"
source = { registry = "https://pypi.org/simple" }
sdist = { url = "https://files.pythonhosted.org/packages/8c/a9/3abdf488f1bf3d24c699415e454ed554a6350d5d89ce183be1ee0a3361ac/ruff-0.15.17.tar.gz", hash = "sha256:2ec446937fd16c8c4de2674a209cc5af64d9c6f17d21fbf1151054fa0bcf5219", size = 4743346, upload-time = "2026-06-11T17:54:47.663Z" }
wheels = [
    { url = "https://files.pythonhosted.org/packages/db/4d/e11259f5da07cb6afb2d074c31bf09da9671993f7329d4f15d2fdc458301/ruff-0.15.17-py3-none-linux_armv6l.whl", hash = "sha256:d9feddb927fc68bd295f5eebc587a7e42cfaf9b65f60ca4a2386febff575da8f", size = 10856677, upload-time = "2026-06-11T17:54:49.533Z" },
    { url = "https://files.pythonhosted.org/packages/29/3e/772d679e1a0dc058e58875bd2c0cb713a0530877b4a76fee3c7966df0d49/ruff-0.15.17-py3-none-macosx_10_12_x86_64.whl", hash = "sha256:25805a226d741c47d274a35ad5c10a7dde175fcddfa511d7cf3da0a21eb3eab7", size = 11223443, upload-time = "2026-06-11T17:55:00.573Z" },
    { url = "https://files.pythonhosted.org/packages/68/58/bd41f7688b2fd5623012605130ed70e60aa7f2244baa3d5066bdd61530c8/ruff-0.15.17-py3-none-macosx_11_0_arm64.whl", hash = "sha256:f6ad73b14c2d18a3bf8ad7cb6974294d7f613a7898604826058e6ac64918ef4d", size = 10566458, upload-time = "2026-06-11T17:55:07.52Z" },
    { url = "https://files.pythonhosted.org/packages/d8/5b/733371013fcf1ec339e477ece6ab42bfe10bdd9bba8ee88a9516aa56bfc0/ruff-0.15.17-py3-none-manylinux_2_17_aarch64.manylinux2014_aarch64.whl", hash = "sha256:6ba0c1e4f95bcb3869d0d30cbd5917071ef2e28665abfec970cdab0492c713ed", size = 10914483, upload-time = "2026-06-11T17:55:05.501Z" },
    { url = "https://files.pythonhosted.org/packages/bd/cc/6f24251cc0252f7239391ccb85833f320efad14ebe5b443943f37ced6332/ruff-0.15.17-py3-none-manylinux_2_17_armv7l.manylinux2014_armv7l.whl", hash = "sha256:81647960f10bff57d2e51cadd0c3950fe598400c852863a038720ef5b8cca91e", size = 10647497, upload-time = "2026-06-11T17:54:57.733Z" },
    { url = "https://files.pythonhosted.org/packages/68/dd/0d10c17ce1a1624d6fc3156309c3f834fdb5dfaad026ec90c85684f3990e/ruff-0.15.17-py3-none-manylinux_2_17_i686.manylinux2014_i686.whl", hash = "sha256:0e01a84ddbc8c16c23055ba3924476850f1bbc1917cebbb9376665a63e74260d", size = 11416967, upload-time = "2026-06-11T17:54:51.461Z" },
    { url = "https://files.pythonhosted.org/packages/2f/91/556bfb156f6144f355e831c23db00b2fc4120f86b3ce81cc5f7fd2df51f3/ruff-0.15.17-py3-none-manylinux_2_17_ppc64le.manylinux2014_ppc64le.whl", hash = "sha256:84fe9f653152f8f294f9f7e03bf3a453d8b4a27f7a59c78c8666167f2b17b96c", size = 12335770, upload-time = "2026-06-11T17:54:45.793Z" },
    { url = "https://files.pythonhosted.org/packages/88/82/8b5999aa13355e926f06d9f42a32dcca862f623bf0363785ff89d607dffd/ruff-0.15.17-py3-none-manylinux_2_17_s390x.manylinux2014_s390x.whl", hash = "sha256:8c0fe88a7676e7a05b73174d4d4a59cb2ac21ff8263583f87a81a6018475a978", size = 11575441, upload-time = "2026-06-11T17:54:32.661Z" },
    { url = "https://files.pythonhosted.org/packages/11/93/f10377bb04109ca0e8cbc483ff1982c54b6d418210041776f93e8cdc7fa9/ruff-0.15.17-py3-none-manylinux_2_17_x86_64.manylinux2014_x86_64.whl", hash = "sha256:ecfc3c7878fff94633ab0348524e093f9ce3243080416dd7d14f8ba400174719", size = 11557614, upload-time = "2026-06-11T17:54:34.698Z" },
    { url = "https://files.pythonhosted.org/packages/c7/a6/eeeae7f7d5493df41649ab3db92f086b2d0a30199e4efdf8e3dd7a033f24/ruff-0.15.17-py3-none-manylinux_2_31_riscv64.whl", hash = "sha256:b8461180b22420b1bdc289909410930761629fddf2a5aaf60fae1ab26cedc4c4", size = 11544450, upload-time = "2026-06-11T17:54:39.042Z" },
    { url = "https://files.pythonhosted.org/packages/32/88/5991ce565129a24dd4a00db1254b3b5db2e53018cbe4018ea5a89738e727/ruff-0.15.17-py3-none-musllinux_1_2_aarch64.whl", hash = "sha256:6eccbe50a038b503e7140b441aa9c7fc8c1f36edf23ebef9f4165c2f28f568b7", size = 10892524, upload-time = "2026-06-11T17:55:09.432Z" },
    { url = "https://files.pythonhosted.org/packages/f5/1d/0fdd248313425f55223968af04b0a42125466a8d88d21c1d99c6af0a51e8/ruff-0.15.17-py3-none-musllinux_1_2_armv7l.whl", hash = "sha256:382fc0521025f5a8ad447d8bdd523545d0d7646adb718eb1c2dac5065ec27c0f", size = 10659573, upload-time = "2026-06-11T17:54:36.824Z" },
    { url = "https://files.pythonhosted.org/packages/9e/0e/072e8260deb9461062ce9311ced27a8e541229a6ffd483013dd37661e43e/ruff-0.15.17-py3-none-musllinux_1_2_i686.whl", hash = "sha256:456d41fcd1b2777ad63f09a6e7121d43f7b688bbc76a800c10f7f8fb1f912c3f", size = 11127818, upload-time = "2026-06-11T17:55:03.124Z" },
    { url = "https://files.pythonhosted.org/packages/ab/b4/55060a34163121498014696b5f656db5b8c6963768f227dbf0d76b311073/ruff-0.15.17-py3-none-musllinux_1_2_x86_64.whl", hash = "sha256:b1a04bcc94ae6194e9db05d16ad31f298a7194bfbcb08258bbe589cee1d587b8", size = 11655901, upload-time = "2026-06-11T17:54:53.562Z" },
    { url = "https://files.pythonhosted.org/packages/49/71/9b29d6b87cef468d697f43c6a91e3fae4a80185779d7d5a4ef27d173439f/ruff-0.15.17-py3-none-win32.whl", hash = "sha256:596065960ab1ff593f744220c9fe6580eda00a95003cffa9f4048bb5b1bf0392", size = 10925574, upload-time = "2026-06-11T17:54:55.723Z" },
    { url = "https://files.pythonhosted.org/packages/3d/b2/8fc77f3723228836fa5d12497eb71c808f83782e10d058d2b15cfa14640b/ruff-0.15.17-py3-none-win_amd64.whl", hash = "sha256:6769e5fa1710b179b92e0bfa5a51735b35baea9013dadb06d5f44cbcf9547084", size = 12058788, upload-time = "2026-06-11T17:54:41.042Z" },
    { url = "https://files.pythonhosted.org/packages/2d/c7/c53e8dbff9c9dc4b7928773421ae294a5d28fcb8dcda1a089579d3a7e510/ruff-0.15.17-py3-none-win_arm64.whl", hash = "sha256:f3be1fbb34bcdfd146240d8fb92a709d4c2c8191348580a3c044ec60fa0b4456", size = 11355275, upload-time = "2026-06-11T17:54:43.635Z" },
]

[[package]]
name = "tomli"
version = "2.4.0"
source = { registry = "https://pypi.org/simple" }
sdist = { url = "https://files.pythonhosted.org/packages/82/30/31573e9457673ab10aa432461bee537ce6cef177667deca369efb79df071/tomli-2.4.0.tar.gz", hash = "sha256:aa89c3f6c277dd275d8e243ad24f3b5e701491a860d5121f2cdd399fbb31fc9c", size = 17477, upload-time = "2026-01-11T11:22:38.165Z" }
wheels = [
    { url = "https://files.pythonhosted.org/packages/3c/d9/3dc2289e1f3b32eb19b9785b6a006b28ee99acb37d1d47f78d4c10e28bf8/tomli-2.4.0-cp311-cp311-macosx_10_9_x86_64.whl", hash = "sha256:b5ef256a3fd497d4973c11bf142e9ed78b150d36f5773f1ca6088c230ffc5867", size = 153663, upload-time = "2026-01-11T11:21:45.27Z" },
    { url = "https://files.pythonhosted.org/packages/51/32/ef9f6845e6b9ca392cd3f64f9ec185cc6f09f0a2df3db08cbe8809d1d435/tomli-2.4.0-cp311-cp311-macosx_11_0_arm64.whl", hash = "sha256:5572e41282d5268eb09a697c89a7bee84fae66511f87533a6f88bd2f7b652da9", size = 148469, upload-time = "2026-01-11T11:21:46.873Z" },
    { url = "https://files.pythonhosted.org/packages/d6/c2/506e44cce89a8b1b1e047d64bd495c22c9f71f21e05f380f1a950dd9c217/tomli-2.4.0-cp311-cp311-manylinux2014_aarch64.manylinux_2_17_aarch64.manylinux_2_28_aarch64.whl", hash = "sha256:551e321c6ba03b55676970b47cb1b73f14a0a4dce6a3e1a9458fd6d921d72e95", size = 236039, upload-time = "2026-01-11T11:21:48.503Z" },
    { url = "https://files.pythonhosted.org/packages/b3/40/e1b65986dbc861b7e986e8ec394598187fa8aee85b1650b01dd925ca0be8/tomli-2.4.0-cp311-cp311-manylinux2014_x86_64.manylinux_2_17_x86_64.manylinux_2_28_x86_64.whl", hash = "sha256:5e3f639a7a8f10069d0e15408c0b96a2a828cfdec6fca05296ebcdcc28ca7c76", size = 243007, upload-time = "2026-01-11T11:21:49.456Z" },
    { url = "https://files.pythonhosted.org/packages/9c/6f/6e39ce66b58a5b7ae572a0f4352ff40c71e8573633deda43f6a379d56b3e/tomli-2.4.0-cp311-cp311-musllinux_1_2_aarch64.whl", hash = "sha256:1b168f2731796b045128c45982d3a4874057626da0e2ef1fdd722848b741361d", size = 240875, upload-time = "2026-01-11T11:21:50.755Z" },
    { url = "https://files.pythonhosted.org/packages/aa/ad/cb089cb190487caa80204d503c7fd0f4d443f90b95cf4ef5cf5aa0f439b0/tomli-2.4.0-cp311-cp311-musllinux_1_2_x86_64.whl", hash = "sha256:133e93646ec4300d651839d382d63edff11d8978be23da4cc106f5a18b7d0576", size = 246271, upload-time = "2026-01-11T11:21:51.81Z" },
    { url = "https://files.pythonhosted.org/packages/0b/63/69125220e47fd7a3a27fd0de0c6398c89432fec41bc739823bcc66506af6/tomli-2.4.0-cp311-cp311-win32.whl", hash = "sha256:b6c78bdf37764092d369722d9946cb65b8767bfa4110f902a1b2542d8d173c8a", size = 96770, upload-time = "2026-01-11T11:21:52.647Z" },
    { url = "https://files.pythonhosted.org/packages/1e/0d/a22bb6c83f83386b0008425a6cd1fa1c14b5f3dd4bad05e98cf3dbbf4a64/tomli-2.4.0-cp311-cp311-win_amd64.whl", hash = "sha256:d3d1654e11d724760cdb37a3d7691f0be9db5fbdaef59c9f532aabf87006dbaa", size = 107626, upload-time = "2026-01-11T11:21:53.459Z" },
    { url = "https://files.pythonhosted.org/packages/2f/6d/77be674a3485e75cacbf2ddba2b146911477bd887dda9d8c9dfb2f15e871/tomli-2.4.0-cp311-cp311-win_arm64.whl", hash = "sha256:cae9c19ed12d4e8f3ebf46d1a75090e4c0dc16271c5bce1c833ac168f08fb614", size = 94842, upload-time = "2026-01-11T11:21:54.831Z" },
    { url = "https://files.pythonhosted.org/packages/3c/43/7389a1869f2f26dba52404e1ef13b4784b6b37dac93bac53457e3ff24ca3/tomli-2.4.0-cp312-cp312-macosx_10_13_x86_64.whl", hash = "sha256:920b1de295e72887bafa3ad9f7a792f811847d57ea6b1215154030cf131f16b1", size = 154894, upload-time = "2026-01-11T11:21:56.07Z" },
    { url = "https://files.pythonhosted.org/packages/e9/05/2f9bf110b5294132b2edf13fe6ca6ae456204f3d749f623307cbb7a946f2/tomli-2.4.0-cp312-cp312-macosx_11_0_arm64.whl", hash = "sha256:7d6d9a4aee98fac3eab4952ad1d73aee87359452d1c086b5ceb43ed02ddb16b8", size = 149053, upload-time = "2026-01-11T11:21:57.467Z" },
    { url = "https://files.pythonhosted.org/packages/e8/41/1eda3ca1abc6f6154a8db4d714a4d35c4ad90adc0bcf700657291593fbf3/tomli-2.4.0-cp312-cp312-manylinux2014_aarch64.manylinux_2_17_aarch64.manylinux_2_28_aarch64.whl", hash = "sha256:36b9d05b51e65b254ea6c2585b59d2c4cb91c8a3d91d0ed0f17591a29aaea54a", size = 243481, upload-time = "2026-01-11T11:21:58.661Z" },
    { url = "https://files.pythonhosted.org/packages/d2/6d/02ff5ab6c8868b41e7d4b987ce2b5f6a51d3335a70aa144edd999e055a01/tomli-2.4.0-cp312-cp312-manylinux2014_x86_64.manylinux_2_17_x86_64.manylinux_2_28_x86_64.whl", hash = "sha256:1c8a885b370751837c029ef9bc014f27d80840e48bac415f3412e6593bbc18c1", size = 251720, upload-time = "2026-01-11T11:22:00.178Z" },
    { url = "https://files.pythonhosted.org/packages/7b/57/0405c59a909c45d5b6f146107c6d997825aa87568b042042f7a9c0afed34/tomli-2.4.0-cp312-cp312-musllinux_1_2_aarch64.whl", hash = "sha256:8768715ffc41f0008abe25d808c20c3d990f42b6e2e58305d5da280ae7d1fa3b", size = 247014, upload-time = "2026-01-11T11:22:01.238Z" },
    { url = "https://files.pythonhosted.org/packages/2c/0e/2e37568edd944b4165735687cbaf2fe3648129e440c26d02223672ee0630/tomli-2.4.0-cp312-cp312-musllinux_1_2_x86_64.whl", hash = "sha256:7b438885858efd5be02a9a133caf5812b8776ee0c969fea02c45e8e3f296ba51", size = 251820, upload-time = "2026-01-11T11:22:02.727Z" },
    { url = "https://files.pythonhosted.org/packages/5a/1c/ee3b707fdac82aeeb92d1a113f803cf6d0f37bdca0849cb489553e1f417a/tomli-2.4.0-cp312-cp312-win32.whl", hash = "sha256:0408e3de5ec77cc7f81960c362543cbbd91ef883e3138e81b729fc3eea5b9729", size = 97712, upload-time = "2026-01-11T11:22:03.777Z" },
    { url = "https://files.pythonhosted.org/packages/69/13/c07a9177d0b3bab7913299b9278845fc6eaaca14a02667c6be0b0a2270c8/tomli-2.4.0-cp312-cp312-win_amd64.whl", hash = "sha256:685306e2cc7da35be4ee914fd34ab801a6acacb061b6a7abca922aaf9ad368da", size = 108296, upload-time = "2026-01-11T11:22:04.86Z" },
    { url = "https://files.pythonhosted.org/packages/18/27/e267a60bbeeee343bcc279bb9e8fbed0cbe224bc7b2a3dc2975f22809a09/tomli-2.4.0-cp312-cp312-win_arm64.whl", hash = "sha256:5aa48d7c2356055feef06a43611fc401a07337d5b006be13a30f6c58f869e3c3", size = 94553, upload-time = "2026-01-11T11:22:05.854Z" },
    { url = "https://files.pythonhosted.org/packages/34/91/7f65f9809f2936e1f4ce6268ae1903074563603b2a2bd969ebbda802744f/tomli-2.4.0-cp313-cp313-macosx_10_13_x86_64.whl", hash = "sha256:84d081fbc252d1b6a982e1870660e7330fb8f90f676f6e78b052ad4e64714bf0", size = 154915, upload-time = "2026-01-11T11:22:06.703Z" },
    { url = "https://files.pythonhosted.org/packages/20/aa/64dd73a5a849c2e8f216b755599c511badde80e91e9bc2271baa7b2cdbb1/tomli-2.4.0-cp313-cp313-macosx_11_0_arm64.whl", hash = "sha256:9a08144fa4cba33db5255f9b74f0b89888622109bd2776148f2597447f92a94e", size = 149038, upload-time = "2026-01-11T11:22:07.56Z" },
    { url = "https://files.pythonhosted.org/packages/9e/8a/6d38870bd3d52c8d1505ce054469a73f73a0fe62c0eaf5dddf61447e32fa/tomli-2.4.0-cp313-cp313-manylinux2014_aarch64.manylinux_2_17_aarch64.manylinux_2_28_aarch64.whl", hash = "sha256:c73add4bb52a206fd0c0723432db123c0c75c280cbd67174dd9d2db228ebb1b4", size = 242245, upload-time = "2026-01-11T11:22:08.344Z" },
    { url = "https://files.pythonhosted.org/packages/59/bb/8002fadefb64ab2669e5b977df3f5e444febea60e717e755b38bb7c41029/tomli-2.4.0-cp313-cp313-manylinux2014_x86_64.manylinux_2_17_x86_64.manylinux_2_28_x86_64.whl", hash = "sha256:1fb2945cbe303b1419e2706e711b7113da57b7db31ee378d08712d678a34e51e", size = 250335, upload-time = "2026-01-11T11:22:09.951Z" },
    { url = "https://files.pythonhosted.org/packages/a5/3d/4cdb6f791682b2ea916af2de96121b3cb1284d7c203d97d92d6003e91c8d/tomli-2.4.0-cp313-cp313-musllinux_1_2_aarch64.whl", hash = "sha256:bbb1b10aa643d973366dc2cb1ad94f99c1726a02343d43cbc011edbfac579e7c", size = 245962, upload-time = "2026-01-11T11:22:11.27Z" },
    { url = "https://files.pythonhosted.org/packages/f2/4a/5f25789f9a460bd858ba9756ff52d0830d825b458e13f754952dd15fb7bb/tomli-2.4.0-cp313-cp313-musllinux_1_2_x86_64.whl", hash = "sha256:4cbcb367d44a1f0c2be408758b43e1ffb5308abe0ea222897d6bfc8e8281ef2f", size = 250396, upload-time = "2026-01-11T11:22:12.325Z" },
    { url = "https://files.pythonhosted.org/packages/aa/2f/b73a36fea58dfa08e8b3a268750e6853a6aac2a349241a905ebd86f3047a/tomli-2.4.0-cp313-cp313-win32.whl", hash = "sha256:7d49c66a7d5e56ac959cb6fc583aff0651094ec071ba9ad43df785abc2320d86", size = 97530, upload-time = "2026-01-11T11:22:13.865Z" },
    { url = "https://files.pythonhosted.org/packages/3b/af/ca18c134b5d75de7e8dc551c5234eaba2e8e951f6b30139599b53de9c187/tomli-2.4.0-cp313-cp313-win_amd64.whl", hash = "sha256:3cf226acb51d8f1c394c1b310e0e0e61fecdd7adcb78d01e294ac297dd2e7f87", size = 108227, upload-time = "2026-01-11T11:22:15.224Z" },
    { url = "https://files.pythonhosted.org/packages/22/c3/b386b832f209fee8073c8138ec50f27b4460db2fdae9ffe022df89a57f9b/tomli-2.4.0-cp313-cp313-win_arm64.whl", hash = "sha256:d20b797a5c1ad80c516e41bc1fb0443ddb5006e9aaa7bda2d71978346aeb9132", size = 94748, upload-time = "2026-01-11T11:22:16.009Z" },
    { url = "https://files.pythonhosted.org/packages/f3/c4/84047a97eb1004418bc10bdbcfebda209fca6338002eba2dc27cc6d13563/tomli-2.4.0-cp314-cp314-macosx_10_15_x86_64.whl", hash = "sha256:26ab906a1eb794cd4e103691daa23d95c6919cc2fa9160000ac02370cc9dd3f6", size = 154725, upload-time = "2026-01-11T11:22:17.269Z" },
    { url = "https://files.pythonhosted.org/packages/a8/5d/d39038e646060b9d76274078cddf146ced86dc2b9e8bbf737ad5983609a0/tomli-2.4.0-cp314-cp314-macosx_11_0_arm64.whl", hash = "sha256:20cedb4ee43278bc4f2fee6cb50daec836959aadaf948db5172e776dd3d993fc", size = 148901, upload-time = "2026-01-11T11:22:18.287Z" },
    { url = "https://files.pythonhosted.org/packages/73/e5/383be1724cb30f4ce44983d249645684a48c435e1cd4f8b5cded8a816d3c/tomli-2.4.0-cp314-cp314-manylinux2014_aarch64.manylinux_2_17_aarch64.manylinux_2_28_aarch64.whl", hash = "sha256:39b0b5d1b6dd03684b3fb276407ebed7090bbec989fa55838c98560c01113b66", size = 243375, upload-time = "2026-01-11T11:22:19.154Z" },
    { url = "https://files.pythonhosted.org/packages/31/f0/bea80c17971c8d16d3cc109dc3585b0f2ce1036b5f4a8a183789023574f2/tomli-2.4.0-cp314-cp314-manylinux2014_x86_64.manylinux_2_17_x86_64.manylinux_2_28_x86_64.whl", hash = "sha256:a26d7ff68dfdb9f87a016ecfd1e1c2bacbe3108f4e0f8bcd2228ef9a766c787d", size = 250639, upload-time = "2026-01-11T11:22:20.168Z" },
    { url = "https://files.pythonhosted.org/packages/2c/8f/2853c36abbb7608e3f945d8a74e32ed3a74ee3a1f468f1ffc7d1cb3abba6/tomli-2.4.0-cp314-cp314-musllinux_1_2_aarch64.whl", hash = "sha256:20ffd184fb1df76a66e34bd1b36b4a4641bd2b82954befa32fe8163e79f1a702", size = 246897, upload-time = "2026-01-11T11:22:21.544Z" },
    { url = "https://files.pythonhosted.org/packages/49/f0/6c05e3196ed5337b9fe7ea003e95fd3819a840b7a0f2bf5a408ef1dad8ed/tomli-2.4.0-cp314-cp314-musllinux_1_2_x86_64.whl", hash = "sha256:75c2f8bbddf170e8effc98f5e9084a8751f8174ea6ccf4fca5398436e0320bc8", size = 254697, upload-time = "2026-01-11T11:22:23.058Z" },
    { url = "https://files.pythonhosted.org/packages/f3/f5/2922ef29c9f2951883525def7429967fc4d8208494e5ab524234f06b688b/tomli-2.4.0-cp314-cp314-win32.whl", hash = "sha256:31d556d079d72db7c584c0627ff3a24c5d3fb4f730221d3444f3efb1b2514776", size = 98567, upload-time = "2026-01-11T11:22:24.033Z" },
    { url = "https://files.pythonhosted.org/packages/7b/31/22b52e2e06dd2a5fdbc3ee73226d763b184ff21fc24e20316a44ccc4d96b/tomli-2.4.0-cp314-cp314-win_amd64.whl", hash = "sha256:43e685b9b2341681907759cf3a04e14d7104b3580f808cfde1dfdb60ada85475", size = 108556, upload-time = "2026-01-11T11:22:25.378Z" },
    { url = "https://files.pythonhosted.org/packages/48/3d/5058dff3255a3d01b705413f64f4306a141a8fd7a251e5a495e3f192a998/tomli-2.4.0-cp314-cp314-win_arm64.whl", hash = "sha256:3d895d56bd3f82ddd6faaff993c275efc2ff38e52322ea264122d72729dca2b2", size = 96014, upload-time = "2026-01-11T11:22:26.138Z" },
    { url = "https://files.pythonhosted.org/packages/b8/4e/75dab8586e268424202d3a1997ef6014919c941b50642a1682df43204c22/tomli-2.4.0-cp314-cp314t-macosx_10_15_x86_64.whl", hash = "sha256:5b5807f3999fb66776dbce568cc9a828544244a8eb84b84b9bafc080c99597b9", size = 163339, upload-time = "2026-01-11T11:22:27.143Z" },
    { url = "https://files.pythonhosted.org/packages/06/e3/b904d9ab1016829a776d97f163f183a48be6a4deb87304d1e0116a349519/tomli-2.4.0-cp314-cp314t-macosx_11_0_arm64.whl", hash = "sha256:c084ad935abe686bd9c898e62a02a19abfc9760b5a79bc29644463eaf2840cb0", size = 159490, upload-time = "2026-01-11T11:22:28.399Z" },
    { url = "https://files.pythonhosted.org/packages/e3/5a/fc3622c8b1ad823e8ea98a35e3c632ee316d48f66f80f9708ceb4f2a0322/tomli-2.4.0-cp314-cp314t-manylinux2014_aarch64.manylinux_2_17_aarch64.manylinux_2_28_aarch64.whl", hash = "sha256:0f2e3955efea4d1cfbcb87bc321e00dc08d2bcb737fd1d5e398af111d86db5df", size = 269398, upload-time = "2026-01-11T11:22:29.345Z" },
    { url = "https://files.pythonhosted.org/packages/fd/33/62bd6152c8bdd4c305ad9faca48f51d3acb2df1f8791b1477d46ff86e7f8/tomli-2.4.0-cp314-cp314t-manylinux2014_x86_64.manylinux_2_17_x86_64.manylinux_2_28_x86_64.whl", hash = "sha256:0e0fe8a0b8312acf3a88077a0802565cb09ee34107813bba1c7cd591fa6cfc8d", size = 276515, upload-time = "2026-01-11T11:22:30.327Z" },
    { url = "https://files.pythonhosted.org/packages/4b/ff/ae53619499f5235ee4211e62a8d7982ba9e439a0fb4f2f351a93d67c1dd2/tomli-2.4.0-cp314-cp314t-musllinux_1_2_aarch64.whl", hash = "sha256:413540dce94673591859c4c6f794dfeaa845e98bf35d72ed59636f869ef9f86f", size = 273806, upload-time = "2026-01-11T11:22:32.56Z" },
    { url = "https://files.pythonhosted.org/packages/47/71/cbca7787fa68d4d0a9f7072821980b39fbb1b6faeb5f5cf02f4a5559fa28/tomli-2.4.0-cp314-cp314t-musllinux_1_2_x86_64.whl", hash = "sha256:0dc56fef0e2c1c470aeac5b6ca8cc7b640bb93e92d9803ddaf9ea03e198f5b0b", size = 281340, upload-time = "2026-01-11T11:22:33.505Z" },
    { url = "https://files.pythonhosted.org/packages/f5/00/d595c120963ad42474cf6ee7771ad0d0e8a49d0f01e29576ee9195d9ecdf/tomli-2.4.0-cp314-cp314t-win32.whl", hash = "sha256:d878f2a6707cc9d53a1be1414bbb419e629c3d6e67f69230217bb663e76b5087", size = 108106, upload-time = "2026-01-11T11:22:34.451Z" },
    { url = "https://files.pythonhosted.org/packages/de/69/9aa0c6a505c2f80e519b43764f8b4ba93b5a0bbd2d9a9de6e2b24271b9a5/tomli-2.4.0-cp314-cp314t-win_amd64.whl", hash = "sha256:2add28aacc7425117ff6364fe9e06a183bb0251b03f986df0e78e974047571fd", size = 120504, upload-time = "2026-01-11T11:22:35.764Z" },
    { url = "https://files.pythonhosted.org/packages/b3/9f/f1668c281c58cfae01482f7114a4b88d345e4c140386241a1a24dcc9e7bc/tomli-2.4.0-cp314-cp314t-win_arm64.whl", hash = "sha256:2b1e3b80e1d5e52e40e9b924ec43d81570f0e7d09d11081b797bc4692765a3d4", size = 99561, upload-time = "2026-01-11T11:22:36.624Z" },
    { url = "https://files.pythonhosted.org/packages/23/d1/136eb2cb77520a31e1f64cbae9d33ec6df0d78bdf4160398e86eec8a8754/tomli-2.4.0-py3-none-any.whl", hash = "sha256:1f776e7d669ebceb01dee46484485f43a4048746235e683bcdffacdf1fb4785a", size = 14477, upload-time = "2026-01-11T11:22:37.446Z" },
]

[[package]]
name = "tomli-w"
version = "1.2.0"
source = { registry = "https://pypi.org/simple" }
sdist = { url = "https://files.pythonhosted.org/packages/19/75/241269d1da26b624c0d5e110e8149093c759b7a286138f4efd61a60e75fe/tomli_w-1.2.0.tar.gz", hash = "sha256:2dd14fac5a47c27be9cd4c976af5a12d87fb1f0b4512f81d69cce3b35ae25021", size = 7184, upload-time = "2025-01-15T12:07:24.262Z" }
wheels = [
    { url = "https://files.pythonhosted.org/packages/c7/18/c86eb8e0202e32dd3df50d43d7ff9854f8e0603945ff398974c1d91ac1ef/tomli_w-1.2.0-py3-none-any.whl", hash = "sha256:188306098d013b691fcadc011abd66727d3c414c571bb01b1a174ba8c983cf90", size = 6675, upload-time = "2025-01-15T12:07:22.074Z" },
]

[[package]]
name = "tox"
version = "4.55.1"
source = { registry = "https://pypi.org/simple" }
dependencies = [
    { name = "cachetools" },
    { name = "colorama" },
    { name = "filelock" },
    { name = "packaging" },
    { name = "platformdirs" },
    { name = "pluggy" },
    { name = "pyproject-api" },
    { name = "python-discovery" },
    { name = "tomli", marker = "python_full_version < '3.11'" },
    { name = "tomli-w" },
    { name = "typing-extensions", marker = "python_full_version < '3.11'" },
    { name = "virtualenv" },
]
sdist = { url = "https://files.pythonhosted.org/packages/79/5b/4f09156a3f7bf3c4fa23212717f097c59126d81e2c557e6fd872a62db38a/tox-4.55.1.tar.gz", hash = "sha256:0678fbf26dd5b559b1ef128fa4388325920219322ebc8cc5f3497627c00f4472", size = 280676, upload-time = "2026-06-03T20:01:03.487Z" }
wheels = [
    { url = "https://files.pythonhosted.org/packages/bb/fd/394f00f3d3e23d87eb7b20276d88fe835e48780d3eb30e6f362428bb80c8/tox-4.55.1-py3-none-any.whl", hash = "sha256:e2084be6dfdef96ba1bed4948e6a1f73613d6952e1477be5dca45653d4c053c8", size = 215360, upload-time = "2026-06-03T20:01:01.967Z" },
]

[[package]]
name = "tox-uv"
version = "1.35.2"
source = { registry = "https://pypi.org/simple" }
dependencies = [
    { name = "tox-uv-bare" },
    { name = "uv" },
]
wheels = [
    { url = "https://files.pythonhosted.org/packages/ca/dc/6e9994c799bdbb309f829dd6b8d98764dd0757302f3433c380438a3a127b/tox_uv-1.35.2-py3-none-any.whl", hash = "sha256:2d99b0e3c782ba49e7cbe521c8d344758595961b17a3633738d67096641c1bde", size = 6565, upload-time = "2026-05-05T01:34:16.07Z" },
]

[[package]]
name = "tox-uv-bare"
version = "1.35.2"
source = { registry = "https://pypi.org/simple" }
dependencies = [
    { name = "packaging" },
    { name = "tomli", marker = "python_full_version < '3.11'" },
    { name = "tox" },
]
sdist = { url = "https://files.pythonhosted.org/packages/0a/cb/168dc1ccf24e4065a9a0a33df55709ed2b5eb73bd2b13ddd53187e5dffb8/tox_uv_bare-1.35.2.tar.gz", hash = "sha256:49e28a804c97f23ea17e25859960c0fa78f35bccb7e14344cfd840e89a9aade9", size = 32333, upload-time = "2026-05-05T01:34:18.916Z" }
wheels = [
    { url = "https://files.pythonhosted.org/packages/5f/53/4a33dc81da39db7b31e5622333df361e8fe055b7ec636bd5fea762c9182d/tox_uv_bare-1.35.2-py3-none-any.whl", hash = "sha256:c0d590a41d1054a1ad0874e9e5943ff52402786e3d4599d8f8d37a65b566ef53", size = 22307, upload-time = "2026-05-05T01:34:17.681Z" },
]

[[package]]
name = "typing-extensions"
version = "4.15.0"
source = { registry = "https://pypi.org/simple" }
sdist = { url = "https://files.pythonhosted.org/packages/72/94/1a15dd82efb362ac84269196e94cf00f187f7ed21c242792a923cdb1c61f/typing_extensions-4.15.0.tar.gz", hash = "sha256:0cea48d173cc12fa28ecabc3b837ea3cf6f38c6d1136f85cbaaf598984861466", size = 109391, upload-time = "2025-08-25T13:49:26.313Z" }
wheels = [
    { url = "https://files.pythonhosted.org/packages/18/67/36e9267722cc04a6b9f15c7f3441c2363321a3ea07da7ae0c0707beb2a9c/typing_extensions-4.15.0-py3-none-any.whl", hash = "sha256:f0fa19c6845758ab08074a0cfa8b7aecb71c999ca73d62883bc25cc018c4e548", size = 44614, upload-time = "2025-08-25T13:49:24.86Z" },
]

[[package]]
name = "unicodedata-reader"
version = "1.3.8"
source = { editable = "." }
dependencies = [
    { name = "platformdirs" },
]

[package.dev-dependencies]
dev = [
    { name = "pytest" },
    { name = "ruff" },
    { name = "tox" },
    { name = "tox-uv" },
]

[package.metadata]
requires-dist = [{ name = "platformdirs", specifier = ">=4.10.0" }]

[package.metadata.requires-dev]
dev = [
    { name = "pytest", specifier = ">=9.1.0" },
    { name = "ruff", specifier = ">=0.15.17" },
    { name = "tox", specifier = ">=4.55.1" },
    { name = "tox-uv", specifier = ">=1.35.2" },
]

[[package]]
name = "uv"
version = "0.10.9"
source = { registry = "https://pypi.org/simple" }
sdist = { url = "https://files.pythonhosted.org/packages/f2/59/235fa08a6b56de82a45a385dc2bf724502f720f0a9692a1a8cb24aab3e6f/uv-0.10.9.tar.gz", hash = "sha256:31e76ae92e70fec47c3efab0c8094035ad7a578454482415b496fa39fc4d685c", size = 3945685, upload-time = "2026-03-06T21:21:16.219Z" }
wheels = [
    { url = "https://files.pythonhosted.org/packages/2f/6d/f87f1530d5db4132776d49dddd88b1c77bc08fa7b32bf585b366204e6fc2/uv-0.10.9-py3-none-linux_armv6l.whl", hash = "sha256:0649f83fa0f44f18627c00b2a9a60e5c3486a34799b2c874f2b3945b76048a67", size = 22617914, upload-time = "2026-03-06T21:20:48.282Z" },
    { url = "https://files.pythonhosted.org/packages/6f/34/2e5cd576d312eb1131b615f49ee95ff6efb740965324843617adae729cf2/uv-0.10.9-py3-none-macosx_10_12_x86_64.whl", hash = "sha256:880dd4cffe4bd184e8871ddf4c7d3c3b042e1f16d2682310644aa8d61eaea3e6", size = 21778779, upload-time = "2026-03-06T21:21:01.804Z" },
    { url = "https://files.pythonhosted.org/packages/89/35/684f641de4de2b20db7d2163c735b2bb211e3b3c84c241706d6448e5e868/uv-0.10.9-py3-none-macosx_11_0_arm64.whl", hash = "sha256:a7a784254380552398a6baf4149faf5b31a4003275f685c28421cf8197178a08", size = 20384301, upload-time = "2026-03-06T21:21:04.089Z" },
    { url = "https://files.pythonhosted.org/packages/eb/5c/7170cfd1b4af09b435abc5a89ff315af130cf4a5082e5eb1206ee46bba67/uv-0.10.9-py3-none-manylinux_2_17_aarch64.manylinux2014_aarch64.musllinux_1_1_aarch64.whl", hash = "sha256:5ea0e8598fa012cfa4480ecad4d112bc70f514157c3cc1555a7611c7b6b1ab0a", size = 22226893, upload-time = "2026-03-06T21:20:50.902Z" },
    { url = "https://files.pythonhosted.org/packages/43/5c/68a17934dc8a2897fd7928b1c03c965373a820dc182aad96f1be6cce33a1/uv-0.10.9-py3-none-manylinux_2_17_armv7l.manylinux2014_armv7l.musllinux_1_1_armv7l.whl", hash = "sha256:2d6b5367e9bf87eca51c0f2ecda26a1ff931e41409977b4f0a420de2f3e617cf", size = 22233832, upload-time = "2026-03-06T21:21:11.748Z" },
    { url = "https://files.pythonhosted.org/packages/00/10/d262172ac59b669ca9c006bcbdb49c1a168cc314a5de576a4bb476dfab4c/uv-0.10.9-py3-none-manylinux_2_17_armv7l.manylinux2014_armv7l.whl", hash = "sha256:bd04e34db27f9a1d5a0871980edc9f910bb11afbc4abca8234d5a363cbe63c04", size = 22192193, upload-time = "2026-03-06T21:20:59.48Z" },
    { url = "https://files.pythonhosted.org/packages/a2/e6/f75fef1e3e5b0cf3592a4c35ed5128164ef2e6bd6a2570a0782c0baf6d4b/uv-0.10.9-py3-none-manylinux_2_17_i686.manylinux2014_i686.whl", hash = "sha256:547deb57311fc64e4a6b8336228fca4cb4dcbeabdc6e85f14f7804dcd0bc8cd2", size = 23571687, upload-time = "2026-03-06T21:20:45.403Z" },
    { url = "https://files.pythonhosted.org/packages/31/28/4b1ee6f4aa0e1b935e66b6018691258d1b702ef9c5d8c71e853564ad0a3a/uv-0.10.9-py3-none-manylinux_2_17_ppc64le.manylinux2014_ppc64le.whl", hash = "sha256:e0091b6d0b666640d7407a433860184f77667077b73564e86d49c2a851f073a8", size = 24418225, upload-time = "2026-03-06T21:21:09.459Z" },
    { url = "https://files.pythonhosted.org/packages/39/a2/5e67987f8d55eeecca7d8f4e94ac3e973fa1e8aaf426fcb8f442e9f7e2bc/uv-0.10.9-py3-none-manylinux_2_17_s390x.manylinux2014_s390x.whl", hash = "sha256:81b2286e6fd869e3507971f39d14829c03e2e31caa8ecc6347b0ffacabb95a5b", size = 23555724, upload-time = "2026-03-06T21:20:54.085Z" },
    { url = "https://files.pythonhosted.org/packages/79/34/b104c413079874493eed7bf11838b47b697cf1f0ed7e9de374ea37b4e4e0/uv-0.10.9-py3-none-manylinux_2_17_x86_64.manylinux2014_x86_64.whl", hash = "sha256:7c9d6deb30edbc22123be75479f99fb476613eaf38a8034c0e98bba24a344179", size = 23438145, upload-time = "2026-03-06T21:21:26.866Z" },
    { url = "https://files.pythonhosted.org/packages/27/8a/cad762b3e9bfb961b68b2ae43a258a92b522918958954b50b09dcb14bb4e/uv-0.10.9-py3-none-manylinux_2_28_aarch64.whl", hash = "sha256:24b1ce6d626e06c4582946b6af07b08a032fcccd81fe54c3db3ed2d1c63a97dc", size = 22326765, upload-time = "2026-03-06T21:21:14.283Z" },
    { url = "https://files.pythonhosted.org/packages/a7/62/7e066f197f3eb8f8f71e25d703a29c89849c9c047240c1223e29bc0a37e4/uv-0.10.9-py3-none-manylinux_2_31_riscv64.whl", hash = "sha256:fa3401780273d96a2960dbeab58452ce1b387ad8c5da25be6221c0188519e21d", size = 23215175, upload-time = "2026-03-06T21:21:29.673Z" },
    { url = "https://files.pythonhosted.org/packages/7e/06/51db93b5edb8b0202c0ec6caf3f24384f5abdfc180b6376a3710223fd56f/uv-0.10.9-py3-none-musllinux_1_1_i686.whl", hash = "sha256:8f94a31832d2b4c565312ea17a71b8dd2f971e5aa570c5b796a27b2c9fcdb163", size = 22784507, upload-time = "2026-03-06T21:21:20.676Z" },
    { url = "https://files.pythonhosted.org/packages/96/34/1db511d9259c1f32e5e094133546e5723e183a9ba2c64f7ca6156badddee/uv-0.10.9-py3-none-musllinux_1_1_x86_64.whl", hash = "sha256:842c39c19d9072f1ad53c71bb4ecd1c9caa311d5de9d19e09a636274a6c95e2e", size = 23660703, upload-time = "2026-03-06T21:21:06.667Z" },
    { url = "https://files.pythonhosted.org/packages/6c/a0/58388abb252c7a37bc67422fce3a6b87404ea3fac44ca20132a4ba502235/uv-0.10.9-py3-none-win32.whl", hash = "sha256:ed44047c602449916ba18a8596715ef7edbbd00859f3db9eac010dc62a0edd30", size = 21524142, upload-time = "2026-03-06T21:21:18.246Z" },
    { url = "https://files.pythonhosted.org/packages/c9/e9/adf7a12136573937d12ac189569e2e90e7fad18b458192083df6986f3013/uv-0.10.9-py3-none-win_amd64.whl", hash = "sha256:af79552276d8bd622048ab2d67ec22120a6af64d83963c46b1482218c27b571f", size = 24103389, upload-time = "2026-03-06T21:20:56.495Z" },
    { url = "https://files.pythonhosted.org/packages/5e/49/4971affd9c62d26b3ff4a84dc6432275be72d9615d95f7bb9e027beeeed8/uv-0.10.9-py3-none-win_arm64.whl", hash = "sha256:47e18a0521d76293d4f60d129f520b18bddf1976b4a47b50f0fcb04fb6a9d40f", size = 22454171, upload-time = "2026-03-06T21:21:24.596Z" },
]

[[package]]
name = "virtualenv"
version = "21.2.0"
source = { registry = "https://pypi.org/simple" }
dependencies = [
    { name = "distlib" },
    { name = "filelock" },
    { name = "platformdirs" },
    { name = "python-discovery" },
    { name = "typing-extensions", marker = "python_full_version < '3.11'" },
]
sdist = { url = "https://files.pythonhosted.org/packages/aa/92/58199fe10049f9703c2666e809c4f686c54ef0a68b0f6afccf518c0b1eb9/virtualenv-21.2.0.tar.gz", hash = "sha256:1720dc3a62ef5b443092e3f499228599045d7fea4c79199770499df8becf9098", size = 5840618, upload-time = "2026-03-09T17:24:38.013Z" }
wheels = [
    { url = "https://files.pythonhosted.org/packages/c6/59/7d02447a55b2e55755011a647479041bc92a82e143f96a8195cb33bd0a1c/virtualenv-21.2.0-py3-none-any.whl", hash = "sha256:1bd755b504931164a5a496d217c014d098426cddc79363ad66ac78125f9d908f", size = 5825084, upload-time = "2026-03-09T17:24:35.378Z" },
]
